
Microsoft Visual Studio Solution File, Format Version 12.00
# Visual Studio Version 16
VisualStudioVersion = 16.0.30717.126
MinimumVisualStudioVersion = 10.0.40219.1
Project("{FAE04EC0-301F-11D3-BF4B-00C04F79EFBC}") = "SuperHeroes_DINT", "SuperHeroes_DINT\SuperHeroes_DINT.csproj", "{757AFF92-48E8-4AB7-A750-C2AF1E9C9B33}"
EndProject
Global
	GlobalSection(SolutionConfigurationPlatforms) = preSolution
		Debug|Any CPU = Debug|Any CPU
		Release|Any CPU = Release|Any CPU
	EndGlobalSection
	GlobalSection(ProjectConfigurationPlatforms) = postSolution
		{757AFF92-48E8-4AB7-A750-C2AF1E9C9B33}.Debug|Any CPU.ActiveCfg = Debug|Any CPU
		{757AFF92-48E8-4AB7-A750-C2AF1E9C9B33}.Debug|Any CPU.Build.0 = Debug|Any CPU
		{757AFF92-48E8-4AB7-A750-C2AF1E9C9B33}.Release|Any CPU.ActiveCfg = Release|Any CPU
		{757AFF92-48E8-4AB7-A750-C2AF1E9C9B33}.Release|Any CPU.Build.0 = Release|Any CPU
	EndGlobalSection
	GlobalSection(SolutionProperties) = preSolution
		HideSolutionNode = FALSE
	EndGlobalSection
	GlobalSection(ExtensibilityGlobals) = postSolution
		SolutionGuid = {DFA716C9-9D47-4E8A-A23A-0FEFBDF41349}
	EndGlobalSection
EndGlobal
